
Microsoft Visual Studio Solution File, Format Version 12.00
# Visual Studio Version 17
VisualStudioVersion = 17.4.33205.214
MinimumVisualStudioVersion = 10.0.40219.1
Project("{FAE04EC0-301F-11D3-BF4B-00C04F79EFBC}") = "StateLibrary", "StateLibrary\StateLibrary.csproj", "{943FBCF5-E4CA-40CF-A59A-1AF286256C6C}"
EndProject
Global
	GlobalSection(SolutionConfigurationPlatforms) = preSolution
		Debug|Any CPU = Debug|Any CPU
		Release|Any CPU = Release|Any CPU
	EndGlobalSection
	GlobalSection(ProjectConfigurationPlatforms) = postSolution
		{943FBCF5-E4CA-40CF-A59A-1AF286256C6C}.Debug|Any CPU.ActiveCfg = Debug|Any CPU
		{943FBCF5-E4CA-40CF-A59A-1AF286256C6C}.Debug|Any CPU.Build.0 = Debug|Any CPU
		{943FBCF5-E4CA-40CF-A59A-1AF286256C6C}.Release|Any CPU.ActiveCfg = Release|Any CPU
		{943FBCF5-E4CA-40CF-A59A-1AF286256C6C}.Release|Any CPU.Build.0 = Release|Any CPU
	EndGlobalSection
	GlobalSection(SolutionProperties) = preSolution
		HideSolutionNode = FALSE
	EndGlobalSection
	GlobalSection(ExtensibilityGlobals) = postSolution
		SolutionGuid = {DCB3A436-3496-47CA-B5F3-B941423A9F8C}
	EndGlobalSection
EndGlobal
